// !$*UTF8*$!
{
	archiveVersion = 1;
	classes = {
	};
	objectVersion = 46;
	objects = {

/* Begin PBXBuildFile section */
		3B20876101A042B8AC40665C /* libPods.a in Frameworks */ = {isa = PBXBuildFile; fileRef = 94EF6E20A7EA44FBAC7308B0 /* libPods.a */; };
		F617498D1653D90A005B9090 /* button_bg.png in Resources */ = {isa = PBXBuildFile; fileRef = F61749841653D90A005B9090 /* button_bg.png */; };
		F617498E1653D90A005B9090 /* button_bg@2x.png in Resources */ = {isa = PBXBuildFile; fileRef = F61749851653D90A005B9090 /* button_bg@2x.png */; };
		F617498F1653D90A005B9090 /* first.png in Resources */ = {isa = PBXBuildFile; fileRef = F61749861653D90A005B9090 /* first.png */; };
		F61749901653D90A005B9090 /* first@2x.png in Resources */ = {isa = PBXBuildFile; fileRef = F61749871653D90A005B9090 /* first@2x.png */; };
		F61749911653D90A005B9090 /* second.png in Resources */ = {isa = PBXBuildFile; fileRef = F61749881653D90A005B9090 /* second.png */; };
		F61749921653D90A005B9090 /* second@2x.png in Resources */ = {isa = PBXBuildFile; fileRef = F61749891653D90A005B9090 /* second@2x.png */; };
		F61749931653D90A005B9090 /* text_field_bg.png in Resources */ = {isa = PBXBuildFile; fileRef = F617498A1653D90A005B9090 /* text_field_bg.png */; };
		F61749941653D90A005B9090 /* text_field_bg@2x.png in Resources */ = {isa = PBXBuildFile; fileRef = F617498B1653D90A005B9090 /* text_field_bg@2x.png */; };
		F61749951653D90A005B9090 /* uiss.json in Resources */ = {isa = PBXBuildFile; fileRef = F617498C1653D90A005B9090 /* uiss.json */; };
		F61749981653D911005B9090 /* InfoPlist.strings in Resources */ = {isa = PBXBuildFile; fileRef = F61749961653D911005B9090 /* InfoPlist.strings */; };
		F61749A41653D94B005B9090 /* WorkflowSchema.framework in Frameworks */ = {isa = PBXBuildFile; fileRef = F61749A11653D93D005B9090 /* WorkflowSchema.framework */; };
		F61749CC1653EB8B005B9090 /* Default-568h@2x.png in Resources */ = {isa = PBXBuildFile; fileRef = F61749C91653EB8B005B9090 /* Default-568h@2x.png */; };
		F61749CD1653EB8B005B9090 /* Default.png in Resources */ = {isa = PBXBuildFile; fileRef = F61749CA1653EB8B005B9090 /* Default.png */; };
		F61749CE1653EB8B005B9090 /* Default@2x.png in Resources */ = {isa = PBXBuildFile; fileRef = F61749CB1653EB8B005B9090 /* Default@2x.png */; };
		F61749D11653F316005B9090 /* Icon.png in Resources */ = {isa = PBXBuildFile; fileRef = F61749CF1653F316005B9090 /* Icon.png */; };
		F61749D21653F316005B9090 /* Icon@2x.png in Resources */ = {isa = PBXBuildFile; fileRef = F61749D01653F316005B9090 /* Icon@2x.png */; };
		F6223445163E758A00C90A71 /* KIFTestScenario+WSTFormControllerUnitTests.m in Sources */ = {isa = PBXBuildFile; fileRef = F6223444163E758A00C90A71 /* KIFTestScenario+WSTFormControllerUnitTests.m */; };
		F6223448163E7A4700C90A71 /* WSTTestContext.m in Sources */ = {isa = PBXBuildFile; fileRef = F6223447163E7A4700C90A71 /* WSTTestContext.m */; };
		F622344B163E97F600C90A71 /* KIFTestScenario+WSTAlertViewTests.m in Sources */ = {isa = PBXBuildFile; fileRef = F622344A163E97F600C90A71 /* KIFTestScenario+WSTAlertViewTests.m */; };
		F622344E163E9DA100C90A71 /* KIFTestScenario+WSTActionSheetTests.m in Sources */ = {isa = PBXBuildFile; fileRef = F622344D163E9DA000C90A71 /* KIFTestScenario+WSTActionSheetTests.m */; };
		F6223451163EAA7B00C90A71 /* KIFTestScenario+WSTMultipleActionsTests.m in Sources */ = {isa = PBXBuildFile; fileRef = F6223450163EAA7B00C90A71 /* KIFTestScenario+WSTMultipleActionsTests.m */; };
		F6223454163EADBB00C90A71 /* KIFTestScenario+WSTSendMessageActionTests.m in Sources */ = {isa = PBXBuildFile; fileRef = F6223453163EADBB00C90A71 /* KIFTestScenario+WSTSendMessageActionTests.m */; };
		F62234B0163EBEF900C90A71 /* KIFTestScenario+WSTTabControllerTests.m in Sources */ = {isa = PBXBuildFile; fileRef = F62234AF163EBEF900C90A71 /* KIFTestScenario+WSTTabControllerTests.m */; };
		F62234B3163EBF0900C90A71 /* KIFTestScenario+WSTNavigationControllerTests.m in Sources */ = {isa = PBXBuildFile; fileRef = F62234B2163EBF0900C90A71 /* KIFTestScenario+WSTNavigationControllerTests.m */; };
		F62D73D416353F8400359F70 /* UIKit.framework in Frameworks */ = {isa = PBXBuildFile; fileRef = F62D73D316353F8400359F70 /* UIKit.framework */; };
		F62D73D616353F8400359F70 /* Foundation.framework in Frameworks */ = {isa = PBXBuildFile; fileRef = F62D73D516353F8400359F70 /* Foundation.framework */; };
		F62D73D816353F8400359F70 /* CoreGraphics.framework in Frameworks */ = {isa = PBXBuildFile; fileRef = F62D73D716353F8400359F70 /* CoreGraphics.framework */; };
		F62D73E016353F8400359F70 /* main.m in Sources */ = {isa = PBXBuildFile; fileRef = F62D73DF16353F8400359F70 /* main.m */; };
		F62D73E416353F8400359F70 /* WSTAppDelegate.m in Sources */ = {isa = PBXBuildFile; fileRef = F62D73E316353F8400359F70 /* WSTAppDelegate.m */; };
		F63AA069165656C100C3C775 /* KIFTestScenario+WSTSearchBarUnitTests.m in Sources */ = {isa = PBXBuildFile; fileRef = F63AA068165656C100C3C775 /* KIFTestScenario+WSTSearchBarUnitTests.m */; };
		F642C0E6163AD63700CFAA80 /* WSTTestAction.m in Sources */ = {isa = PBXBuildFile; fileRef = F642C0E5163AD63700CFAA80 /* WSTTestAction.m */; };
		F642C0EB163AD8AA00CFAA80 /* KIFTestScenario+WSTScreenControllerUnitTests.m in Sources */ = {isa = PBXBuildFile; fileRef = F642C0EA163AD8AA00CFAA80 /* KIFTestScenario+WSTScreenControllerUnitTests.m */; };
		F642C108163AE52A00CFAA80 /* KIFTestScenario+WSTButtonUnitTests.m in Sources */ = {isa = PBXBuildFile; fileRef = F642C0FD163AE52A00CFAA80 /* KIFTestScenario+WSTButtonUnitTests.m */; };
		F642C109163AE52A00CFAA80 /* KIFTestScenario+WSTContainerUnitTests.m in Sources */ = {isa = PBXBuildFile; fileRef = F642C0FF163AE52A00CFAA80 /* KIFTestScenario+WSTContainerUnitTests.m */; };
		F642C10A163AE52A00CFAA80 /* KIFTestScenario+WSTImageViewUnitTests.m in Sources */ = {isa = PBXBuildFile; fileRef = F642C101163AE52A00CFAA80 /* KIFTestScenario+WSTImageViewUnitTests.m */; };
		F642C10B163AE52A00CFAA80 /* KIFTestScenario+WSTLabelUnitTests.m in Sources */ = {isa = PBXBuildFile; fileRef = F642C103163AE52A00CFAA80 /* KIFTestScenario+WSTLabelUnitTests.m */; };
		F642C10D163AE52A00CFAA80 /* KIFTestScenario+WSTTextFieldUnitTests.m in Sources */ = {isa = PBXBuildFile; fileRef = F642C107163AE52A00CFAA80 /* KIFTestScenario+WSTTextFieldUnitTests.m */; };
		F642C110163AEB4300CFAA80 /* KIFTestScenario+WSTTableControllerUnitTests.m in Sources */ = {isa = PBXBuildFile; fileRef = F642C10F163AEB4200CFAA80 /* KIFTestScenario+WSTTableControllerUnitTests.m */; };
		F649F612163547740002C6EC /* WSTTestController.m in Sources */ = {isa = PBXBuildFile; fileRef = F649F611163547740002C6EC /* WSTTestController.m */; };
		F649F6211635554B0002C6EC /* KIFTestStep+WSTShared.m in Sources */ = {isa = PBXBuildFile; fileRef = F649F6201635554B0002C6EC /* KIFTestStep+WSTShared.m */; };
		F649F624163556400002C6EC /* KIFTestScenario+WSTControllerFunctionalTests.m in Sources */ = {isa = PBXBuildFile; fileRef = F649F623163556400002C6EC /* KIFTestScenario+WSTControllerFunctionalTests.m */; };
		F651F61C165247660056ECB7 /* form_tests_1.xml in Resources */ = {isa = PBXBuildFile; fileRef = F651F60E165247660056ECB7 /* form_tests_1.xml */; };
		F651F61D165247660056ECB7 /* form_tests_2.xml in Resources */ = {isa = PBXBuildFile; fileRef = F651F60F165247660056ECB7 /* form_tests_2.xml */; };
		F651F61E165247660056ECB7 /* form_tests_3.xml in Resources */ = {isa = PBXBuildFile; fileRef = F651F610165247660056ECB7 /* form_tests_3.xml */; };
		F651F61F165247660056ECB7 /* form_triggers_tests.xml in Resources */ = {isa = PBXBuildFile; fileRef = F651F611165247660056ECB7 /* form_triggers_tests.xml */; };
		F651F620165247660056ECB7 /* gesture_recognizer_tests.xml in Resources */ = {isa = PBXBuildFile; fileRef = F651F612165247660056ECB7 /* gesture_recognizer_tests.xml */; };
		F651F621165247660056ECB7 /* load_tests_main.xml in Resources */ = {isa = PBXBuildFile; fileRef = F651F613165247660056ECB7 /* load_tests_main.xml */; };
		F651F622165247660056ECB7 /* load_tests_screen1.xml in Resources */ = {isa = PBXBuildFile; fileRef = F651F614165247660056ECB7 /* load_tests_screen1.xml */; };
		F651F623165247660056ECB7 /* load_tests_screen2.xml in Resources */ = {isa = PBXBuildFile; fileRef = F651F615165247660056ECB7 /* load_tests_screen2.xml */; };
		F651F624165247660056ECB7 /* navigation_item_tests.xml in Resources */ = {isa = PBXBuildFile; fileRef = F651F616165247660056ECB7 /* navigation_item_tests.xml */; };
		F651F625165247660056ECB7 /* navigation_stack_tests.xml in Resources */ = {isa = PBXBuildFile; fileRef = F651F617165247660056ECB7 /* navigation_stack_tests.xml */; };
		F651F626165247660056ECB7 /* stored_value_tests.xml in Resources */ = {isa = PBXBuildFile; fileRef = F651F618165247660056ECB7 /* stored_value_tests.xml */; };
		F651F627165247660056ECB7 /* style_tests.xml in Resources */ = {isa = PBXBuildFile; fileRef = F651F619165247660056ECB7 /* style_tests.xml */; };
		F651F628165247660056ECB7 /* tab_tests.xml in Resources */ = {isa = PBXBuildFile; fileRef = F651F61A165247660056ECB7 /* tab_tests.xml */; };
		F651F629165247660056ECB7 /* table_tests.xml in Resources */ = {isa = PBXBuildFile; fileRef = F651F61B165247660056ECB7 /* table_tests.xml */; };
		F655CF69165A2ACD004410C9 /* searching_tests.xml in Resources */ = {isa = PBXBuildFile; fileRef = F655CF68165A2ACD004410C9 /* searching_tests.xml */; };
		F68389D0165E6F8A005455EC /* updating_views_tests.xml in Resources */ = {isa = PBXBuildFile; fileRef = F68389CF165E6F8A005455EC /* updating_views_tests.xml */; };
		F68389F5165E7A43005455EC /* KIFTestScenario+WSTToolbarTests.m in Sources */ = {isa = PBXBuildFile; fileRef = F68389F4165E7A43005455EC /* KIFTestScenario+WSTToolbarTests.m */; };
		F686EAF0165D3C3E00A24DA8 /* KIFTestScenario+WSTStringTests.m in Sources */ = {isa = PBXBuildFile; fileRef = F686EAEF165D3C3E00A24DA8 /* KIFTestScenario+WSTStringTests.m */; };
		F686EAF3165D3FAF00A24DA8 /* Localizable.strings in Resources */ = {isa = PBXBuildFile; fileRef = F686EAF1165D3FAF00A24DA8 /* Localizable.strings */; };
		F686EAF4165D3FAF00A24DA8 /* Test.strings in Resources */ = {isa = PBXBuildFile; fileRef = F686EAF2165D3FAF00A24DA8 /* Test.strings */; };
		F68795CF165A84B200F495A1 /* KIFTestScenario+WSTConditionalActionTests.m in Sources */ = {isa = PBXBuildFile; fileRef = F68795CE165A84B200F495A1 /* KIFTestScenario+WSTConditionalActionTests.m */; };
		F6AEB073163FE00900831297 /* KIFTestScenario+WSTXMLParserTests.m in Sources */ = {isa = PBXBuildFile; fileRef = F6AEB072163FE00900831297 /* KIFTestScenario+WSTXMLParserTests.m */; };
		F6AEB076163FE8A700831297 /* KIFTestScenario+WSTDocumentationTests.m in Sources */ = {isa = PBXBuildFile; fileRef = F6AEB075163FE8A700831297 /* KIFTestScenario+WSTDocumentationTests.m */; };
		F6AEB085163FFB6B00831297 /* KIFTestScenario+WSTSchemaStyleTests.m in Sources */ = {isa = PBXBuildFile; fileRef = F6AEB084163FFB6A00831297 /* KIFTestScenario+WSTSchemaStyleTests.m */; };
		F6D976281647DDBA0080B77B /* KIFTestScenario+WSTParameterProxyTests.m in Sources */ = {isa = PBXBuildFile; fileRef = F6D976271647DDBA0080B77B /* KIFTestScenario+WSTParameterProxyTests.m */; };
		F6E7062616411CE100E131BC /* KIFTestScenario+WSTViewSharedPropertyTests.m in Sources */ = {isa = PBXBuildFile; fileRef = F6E7062516411CE100E131BC /* KIFTestScenario+WSTViewSharedPropertyTests.m */; };
		F6F3CFD016627B3B00C7B4AB /* KIFTestScenario+WSTNumberTests.m in Sources */ = {isa = PBXBuildFile; fileRef = F6F3CFCF16627B3B00C7B4AB /* KIFTestScenario+WSTNumberTests.m */; };
/* End PBXBuildFile section */

/* Begin PBXContainerItemProxy section */
		F61749A01653D93D005B9090 /* PBXContainerItemProxy */ = {
			isa = PBXContainerItemProxy;
			containerPortal = F61749991653D93D005B9090 /* WorkflowSchema.xcodeproj */;
			proxyType = 2;
			remoteGlobalIDString = F6E7966E1632ACFC006F59F2;
			remoteInfo = WorkflowSchema;
		};
		F61749A21653D946005B9090 /* PBXContainerItemProxy */ = {
			isa = PBXContainerItemProxy;
			containerPortal = F61749991653D93D005B9090 /* WorkflowSchema.xcodeproj */;
			proxyType = 1;
			remoteGlobalIDString = F6E7966D1632ACFC006F59F2;
			remoteInfo = WorkflowSchema;
		};
/* End PBXContainerItemProxy section */

/* Begin PBXFileReference section */
		94EF6E20A7EA44FBAC7308B0 /* libPods.a */ = {isa = PBXFileReference; explicitFileType = archive.ar; includeInIndex = 0; path = libPods.a; sourceTree = BUILT_PRODUCTS_DIR; };
		D22586738C5049B9B091A295 /* Pods.xcconfig */ = {isa = PBXFileReference; includeInIndex = 1; lastKnownFileType = text.xcconfig; name = Pods.xcconfig; path = Pods/Pods.xcconfig; sourceTree = SOURCE_ROOT; };
		F6057C3916396112002496F7 /* SenTestingKit.framework */ = {isa = PBXFileReference; lastKnownFileType = wrapper.framework; name = SenTestingKit.framework; path = Library/Frameworks/SenTestingKit.framework; sourceTree = DEVELOPER_DIR; };
		F61749841653D90A005B9090 /* button_bg.png */ = {isa = PBXFileReference; lastKnownFileType = image.png; path = button_bg.png; sourceTree = "<group>"; };
		F61749851653D90A005B9090 /* button_bg@2x.png */ = {isa = PBXFileReference; lastKnownFileType = image.png; path = "button_bg@2x.png"; sourceTree = "<group>"; };
		F61749861653D90A005B9090 /* first.png */ = {isa = PBXFileReference; lastKnownFileType = image.png; path = first.png; sourceTree = "<group>"; };
		F61749871653D90A005B9090 /* first@2x.png */ = {isa = PBXFileReference; lastKnownFileType = image.png; path = "first@2x.png"; sourceTree = "<group>"; };
		F61749881653D90A005B9090 /* second.png */ = {isa = PBXFileReference; lastKnownFileType = image.png; path = second.png; sourceTree = "<group>"; };
		F61749891653D90A005B9090 /* second@2x.png */ = {isa = PBXFileReference; lastKnownFileType = image.png; path = "second@2x.png"; sourceTree = "<group>"; };
		F617498A1653D90A005B9090 /* text_field_bg.png */ = {isa = PBXFileReference; lastKnownFileType = image.png; path = text_field_bg.png; sourceTree = "<group>"; };
		F617498B1653D90A005B9090 /* text_field_bg@2x.png */ = {isa = PBXFileReference; lastKnownFileType = image.png; path = "text_field_bg@2x.png"; sourceTree = "<group>"; };
		F617498C1653D90A005B9090 /* uiss.json */ = {isa = PBXFileReference; fileEncoding = 4; lastKnownFileType = text.json; path = uiss.json; sourceTree = "<group>"; };
		F61749971653D911005B9090 /* en */ = {isa = PBXFileReference; lastKnownFileType = text.plist.strings; name = en; path = en.lproj/InfoPlist.strings; sourceTree = SOURCE_ROOT; };
		F61749991653D93D005B9090 /* WorkflowSchema.xcodeproj */ = {isa = PBXFileReference; lastKnownFileType = "wrapper.pb-project"; name = WorkflowSchema.xcodeproj; path = ../WorkflowSchema/WorkflowSchema.xcodeproj; sourceTree = "<group>"; };
		F61749C61653EB6A005B9090 /* WorkflowSchemaTests-Info.plist */ = {isa = PBXFileReference; fileEncoding = 4; lastKnownFileType = text.plist.xml; path = "WorkflowSchemaTests-Info.plist"; sourceTree = SOURCE_ROOT; };
		F61749C71653EB6A005B9090 /* WorkflowSchemaTests-Prefix.pch */ = {isa = PBXFileReference; fileEncoding = 4; lastKnownFileType = sourcecode.c.h; path = "WorkflowSchemaTests-Prefix.pch"; sourceTree = SOURCE_ROOT; };
		F61749C91653EB8B005B9090 /* Default-568h@2x.png */ = {isa = PBXFileReference; lastKnownFileType = image.png; path = "Default-568h@2x.png"; sourceTree = "<group>"; };
		F61749CA1653EB8B005B9090 /* Default.png */ = {isa = PBXFileReference; lastKnownFileType = image.png; path = Default.png; sourceTree = "<group>"; };
		F61749CB1653EB8B005B9090 /* Default@2x.png */ = {isa = PBXFileReference; lastKnownFileType = image.png; path = "Default@2x.png"; sourceTree = "<group>"; };
		F61749CF1653F316005B9090 /* Icon.png */ = {isa = PBXFileReference; lastKnownFileType = image.png; path = Icon.png; sourceTree = "<group>"; };
		F61749D01653F316005B9090 /* Icon@2x.png */ = {isa = PBXFileReference; lastKnownFileType = image.png; path = "Icon@2x.png"; sourceTree = "<group>"; };
		F6223443163E758A00C90A71 /* KIFTestScenario+WSTFormControllerUnitTests.h */ = {isa = PBXFileReference; fileEncoding = 4; lastKnownFileType = sourcecode.c.h; path = "KIFTestScenario+WSTFormControllerUnitTests.h"; sourceTree = "<group>"; };
		F6223444163E758A00C90A71 /* KIFTestScenario+WSTFormControllerUnitTests.m */ = {isa = PBXFileReference; fileEncoding = 4; lastKnownFileType = sourcecode.c.objc; path = "KIFTestScenario+WSTFormControllerUnitTests.m"; sourceTree = "<group>"; };
		F6223446163E7A4700C90A71 /* WSTTestContext.h */ = {isa = PBXFileReference; fileEncoding = 4; lastKnownFileType = sourcecode.c.h; path = WSTTestContext.h; sourceTree = "<group>"; };
		F6223447163E7A4700C90A71 /* WSTTestContext.m */ = {isa = PBXFileReference; fileEncoding = 4; lastKnownFileType = sourcecode.c.objc; path = WSTTestContext.m; sourceTree = "<group>"; };
		F6223449163E97F500C90A71 /* KIFTestScenario+WSTAlertViewTests.h */ = {isa = PBXFileReference; fileEncoding = 4; lastKnownFileType = sourcecode.c.h; path = "KIFTestScenario+WSTAlertViewTests.h"; sourceTree = "<group>"; };
		F622344A163E97F600C90A71 /* KIFTestScenario+WSTAlertViewTests.m */ = {isa = PBXFileReference; fileEncoding = 4; lastKnownFileType = sourcecode.c.objc; path = "KIFTestScenario+WSTAlertViewTests.m"; sourceTree = "<group>"; };
		F622344C163E9DA000C90A71 /* KIFTestScenario+WSTActionSheetTests.h */ = {isa = PBXFileReference; fileEncoding = 4; lastKnownFileType = sourcecode.c.h; path = "KIFTestScenario+WSTActionSheetTests.h"; sourceTree = "<group>"; };
		F622344D163E9DA000C90A71 /* KIFTestScenario+WSTActionSheetTests.m */ = {isa = PBXFileReference; fileEncoding = 4; lastKnownFileType = sourcecode.c.objc; path = "KIFTestScenario+WSTActionSheetTests.m"; sourceTree = "<group>"; };
		F622344F163EAA7B00C90A71 /* KIFTestScenario+WSTMultipleActionsTests.h */ = {isa = PBXFileReference; fileEncoding = 4; lastKnownFileType = sourcecode.c.h; path = "KIFTestScenario+WSTMultipleActionsTests.h"; sourceTree = "<group>"; };
		F6223450163EAA7B00C90A71 /* KIFTestScenario+WSTMultipleActionsTests.m */ = {isa = PBXFileReference; fileEncoding = 4; lastKnownFileType = sourcecode.c.objc; path = "KIFTestScenario+WSTMultipleActionsTests.m"; sourceTree = "<group>"; };
		F6223452163EADBA00C90A71 /* KIFTestScenario+WSTSendMessageActionTests.h */ = {isa = PBXFileReference; fileEncoding = 4; lastKnownFileType = sourcecode.c.h; path = "KIFTestScenario+WSTSendMessageActionTests.h"; sourceTree = "<group>"; };
		F6223453163EADBB00C90A71 /* KIFTestScenario+WSTSendMessageActionTests.m */ = {isa = PBXFileReference; fileEncoding = 4; lastKnownFileType = sourcecode.c.objc; path = "KIFTestScenario+WSTSendMessageActionTests.m"; sourceTree = "<group>"; };
		F62234AE163EBEF800C90A71 /* KIFTestScenario+WSTTabControllerTests.h */ = {isa = PBXFileReference; fileEncoding = 4; lastKnownFileType = sourcecode.c.h; path = "KIFTestScenario+WSTTabControllerTests.h"; sourceTree = "<group>"; };
		F62234AF163EBEF900C90A71 /* KIFTestScenario+WSTTabControllerTests.m */ = {isa = PBXFileReference; fileEncoding = 4; lastKnownFileType = sourcecode.c.objc; path = "KIFTestScenario+WSTTabControllerTests.m"; sourceTree = "<group>"; };
		F62234B1163EBF0800C90A71 /* KIFTestScenario+WSTNavigationControllerTests.h */ = {isa = PBXFileReference; fileEncoding = 4; lastKnownFileType = sourcecode.c.h; path = "KIFTestScenario+WSTNavigationControllerTests.h"; sourceTree = "<group>"; };
		F62234B2163EBF0900C90A71 /* KIFTestScenario+WSTNavigationControllerTests.m */ = {isa = PBXFileReference; fileEncoding = 4; lastKnownFileType = sourcecode.c.objc; path = "KIFTestScenario+WSTNavigationControllerTests.m"; sourceTree = "<group>"; };
		F62234E0163EE35E00C90A71 /* Podfile */ = {isa = PBXFileReference; lastKnownFileType = text; path = Podfile; sourceTree = SOURCE_ROOT; };
		F62D73CF16353F8400359F70 /* WorkflowSchemaTests.app */ = {isa = PBXFileReference; explicitFileType = wrapper.application; includeInIndex = 0; path = WorkflowSchemaTests.app; sourceTree = BUILT_PRODUCTS_DIR; };
		F62D73D316353F8400359F70 /* UIKit.framework */ = {isa = PBXFileReference; includeInIndex = 1; lastKnownFileType = wrapper.framework; name = UIKit.framework; path = System/Library/Frameworks/UIKit.framework; sourceTree = SDKROOT; };
		F62D73D516353F8400359F70 /* Foundation.framework */ = {isa = PBXFileReference; includeInIndex = 1; lastKnownFileType = wrapper.framework; name = Foundation.framework; path = System/Library/Frameworks/Foundation.framework; sourceTree = SDKROOT; };
		F62D73D716353F8400359F70 /* CoreGraphics.framework */ = {isa = PBXFileReference; includeInIndex = 1; lastKnownFileType = wrapper.framework; name = CoreGraphics.framework; path = System/Library/Frameworks/CoreGraphics.framework; sourceTree = SDKROOT; };
		F62D73DF16353F8400359F70 /* main.m */ = {isa = PBXFileReference; lastKnownFileType = sourcecode.c.objc; path = main.m; sourceTree = "<group>"; };
		F62D73E216353F8400359F70 /* WSTAppDelegate.h */ = {isa = PBXFileReference; lastKnownFileType = sourcecode.c.h; path = WSTAppDelegate.h; sourceTree = "<group>"; };
		F62D73E316353F8400359F70 /* WSTAppDelegate.m */ = {isa = PBXFileReference; lastKnownFileType = sourcecode.c.objc; path = WSTAppDelegate.m; sourceTree = "<group>"; };
		F63AA067165656C100C3C775 /* KIFTestScenario+WSTSearchBarUnitTests.h */ = {isa = PBXFileReference; fileEncoding = 4; lastKnownFileType = sourcecode.c.h; path = "KIFTestScenario+WSTSearchBarUnitTests.h"; sourceTree = "<group>"; };
		F63AA068165656C100C3C775 /* KIFTestScenario+WSTSearchBarUnitTests.m */ = {isa = PBXFileReference; fileEncoding = 4; lastKnownFileType = sourcecode.c.objc; path = "KIFTestScenario+WSTSearchBarUnitTests.m"; sourceTree = "<group>"; };
		F642C0E4163AD63700CFAA80 /* WSTTestAction.h */ = {isa = PBXFileReference; fileEncoding = 4; lastKnownFileType = sourcecode.c.h; path = WSTTestAction.h; sourceTree = "<group>"; };
		F642C0E5163AD63700CFAA80 /* WSTTestAction.m */ = {isa = PBXFileReference; fileEncoding = 4; lastKnownFileType = sourcecode.c.objc; path = WSTTestAction.m; sourceTree = "<group>"; };
		F642C0E8163AD84600CFAA80 /* WSTAssert.h */ = {isa = PBXFileReference; lastKnownFileType = sourcecode.c.h; path = WSTAssert.h; sourceTree = "<group>"; };
		F642C0E9163AD8AA00CFAA80 /* KIFTestScenario+WSTScreenControllerUnitTests.h */ = {isa = PBXFileReference; fileEncoding = 4; lastKnownFileType = sourcecode.c.h; path = "KIFTestScenario+WSTScreenControllerUnitTests.h"; sourceTree = "<group>"; };
		F642C0EA163AD8AA00CFAA80 /* KIFTestScenario+WSTScreenControllerUnitTests.m */ = {isa = PBXFileReference; fileEncoding = 4; lastKnownFileType = sourcecode.c.objc; path = "KIFTestScenario+WSTScreenControllerUnitTests.m"; sourceTree = "<group>"; };
		F642C0FC163AE52A00CFAA80 /* KIFTestScenario+WSTButtonUnitTests.h */ = {isa = PBXFileReference; fileEncoding = 4; lastKnownFileType = sourcecode.c.h; path = "KIFTestScenario+WSTButtonUnitTests.h"; sourceTree = "<group>"; };
		F642C0FD163AE52A00CFAA80 /* KIFTestScenario+WSTButtonUnitTests.m */ = {isa = PBXFileReference; fileEncoding = 4; lastKnownFileType = sourcecode.c.objc; path = "KIFTestScenario+WSTButtonUnitTests.m"; sourceTree = "<group>"; };
		F642C0FE163AE52A00CFAA80 /* KIFTestScenario+WSTContainerUnitTests.h */ = {isa = PBXFileReference; fileEncoding = 4; lastKnownFileType = sourcecode.c.h; path = "KIFTestScenario+WSTContainerUnitTests.h"; sourceTree = "<group>"; };
		F642C0FF163AE52A00CFAA80 /* KIFTestScenario+WSTContainerUnitTests.m */ = {isa = PBXFileReference; fileEncoding = 4; lastKnownFileType = sourcecode.c.objc; path = "KIFTestScenario+WSTContainerUnitTests.m"; sourceTree = "<group>"; };
		F642C100163AE52A00CFAA80 /* KIFTestScenario+WSTImageViewUnitTests.h */ = {isa = PBXFileReference; fileEncoding = 4; lastKnownFileType = sourcecode.c.h; path = "KIFTestScenario+WSTImageViewUnitTests.h"; sourceTree = "<group>"; };
		F642C101163AE52A00CFAA80 /* KIFTestScenario+WSTImageViewUnitTests.m */ = {isa = PBXFileReference; fileEncoding = 4; lastKnownFileType = sourcecode.c.objc; path = "KIFTestScenario+WSTImageViewUnitTests.m"; sourceTree = "<group>"; };
		F642C102163AE52A00CFAA80 /* KIFTestScenario+WSTLabelUnitTests.h */ = {isa = PBXFileReference; fileEncoding = 4; lastKnownFileType = sourcecode.c.h; path = "KIFTestScenario+WSTLabelUnitTests.h"; sourceTree = "<group>"; };
		F642C103163AE52A00CFAA80 /* KIFTestScenario+WSTLabelUnitTests.m */ = {isa = PBXFileReference; fileEncoding = 4; lastKnownFileType = sourcecode.c.objc; path = "KIFTestScenario+WSTLabelUnitTests.m"; sourceTree = "<group>"; };
		F642C106163AE52A00CFAA80 /* KIFTestScenario+WSTTextFieldUnitTests.h */ = {isa = PBXFileReference; fileEncoding = 4; lastKnownFileType = sourcecode.c.h; path = "KIFTestScenario+WSTTextFieldUnitTests.h"; sourceTree = "<group>"; };
		F642C107163AE52A00CFAA80 /* KIFTestScenario+WSTTextFieldUnitTests.m */ = {isa = PBXFileReference; fileEncoding = 4; lastKnownFileType = sourcecode.c.objc; path = "KIFTestScenario+WSTTextFieldUnitTests.m"; sourceTree = "<group>"; };
		F642C10E163AEB4200CFAA80 /* KIFTestScenario+WSTTableControllerUnitTests.h */ = {isa = PBXFileReference; fileEncoding = 4; lastKnownFileType = sourcecode.c.h; path = "KIFTestScenario+WSTTableControllerUnitTests.h"; sourceTree = "<group>"; };
		F642C10F163AEB4200CFAA80 /* KIFTestScenario+WSTTableControllerUnitTests.m */ = {isa = PBXFileReference; fileEncoding = 4; lastKnownFileType = sourcecode.c.objc; path = "KIFTestScenario+WSTTableControllerUnitTests.m"; sourceTree = "<group>"; };
		F649F610163547740002C6EC /* WSTTestController.h */ = {isa = PBXFileReference; fileEncoding = 4; lastKnownFileType = sourcecode.c.h; path = WSTTestController.h; sourceTree = "<group>"; };
		F649F611163547740002C6EC /* WSTTestController.m */ = {isa = PBXFileReference; fileEncoding = 4; lastKnownFileType = sourcecode.c.objc; path = WSTTestController.m; sourceTree = "<group>"; };
		F649F61F1635554B0002C6EC /* KIFTestStep+WSTShared.h */ = {isa = PBXFileReference; fileEncoding = 4; lastKnownFileType = sourcecode.c.h; path = "KIFTestStep+WSTShared.h"; sourceTree = "<group>"; };
		F649F6201635554B0002C6EC /* KIFTestStep+WSTShared.m */ = {isa = PBXFileReference; fileEncoding = 4; lastKnownFileType = sourcecode.c.objc; path = "KIFTestStep+WSTShared.m"; sourceTree = "<group>"; };
		F649F622163556400002C6EC /* KIFTestScenario+WSTControllerFunctionalTests.h */ = {isa = PBXFileReference; fileEncoding = 4; lastKnownFileType = sourcecode.c.h; path = "KIFTestScenario+WSTControllerFunctionalTests.h"; sourceTree = "<group>"; };
		F649F623163556400002C6EC /* KIFTestScenario+WSTControllerFunctionalTests.m */ = {isa = PBXFileReference; fileEncoding = 4; lastKnownFileType = sourcecode.c.objc; path = "KIFTestScenario+WSTControllerFunctionalTests.m"; sourceTree = "<group>"; };
		F651F60E165247660056ECB7 /* form_tests_1.xml */ = {isa = PBXFileReference; fileEncoding = 4; lastKnownFileType = text.xml; path = form_tests_1.xml; sourceTree = "<group>"; };
		F651F60F165247660056ECB7 /* form_tests_2.xml */ = {isa = PBXFileReference; fileEncoding = 4; lastKnownFileType = text.xml; path = form_tests_2.xml; sourceTree = "<group>"; };
		F651F610165247660056ECB7 /* form_tests_3.xml */ = {isa = PBXFileReference; fileEncoding = 4; lastKnownFileType = text.xml; path = form_tests_3.xml; sourceTree = "<group>"; };
		F651F611165247660056ECB7 /* form_triggers_tests.xml */ = {isa = PBXFileReference; fileEncoding = 4; lastKnownFileType = text.xml; path = form_triggers_tests.xml; sourceTree = "<group>"; };
		F651F612165247660056ECB7 /* gesture_recognizer_tests.xml */ = {isa = PBXFileReference; fileEncoding = 4; lastKnownFileType = text.xml; path = gesture_recognizer_tests.xml; sourceTree = "<group>"; };
		F651F613165247660056ECB7 /* load_tests_main.xml */ = {isa = PBXFileReference; fileEncoding = 4; lastKnownFileType = text.xml; path = load_tests_main.xml; sourceTree = "<group>"; };
		F651F614165247660056ECB7 /* load_tests_screen1.xml */ = {isa = PBXFileReference; fileEncoding = 4; lastKnownFileType = text.xml; path = load_tests_screen1.xml; sourceTree = "<group>"; };
		F651F615165247660056ECB7 /* load_tests_screen2.xml */ = {isa = PBXFileReference; fileEncoding = 4; lastKnownFileType = text.xml; path = load_tests_screen2.xml; sourceTree = "<group>"; };
		F651F616165247660056ECB7 /* navigation_item_tests.xml */ = {isa = PBXFileReference; fileEncoding = 4; lastKnownFileType = text.xml; path = navigation_item_tests.xml; sourceTree = "<group>"; };
		F651F617165247660056ECB7 /* navigation_stack_tests.xml */ = {isa = PBXFileReference; fileEncoding = 4; lastKnownFileType = text.xml; path = navigation_stack_tests.xml; sourceTree = "<group>"; };
		F651F618165247660056ECB7 /* stored_value_tests.xml */ = {isa = PBXFileReference; fileEncoding = 4; lastKnownFileType = text.xml; path = stored_value_tests.xml; sourceTree = "<group>"; };
		F651F619165247660056ECB7 /* style_tests.xml */ = {isa = PBXFileReference; fileEncoding = 4; lastKnownFileType = text.xml; path = style_tests.xml; sourceTree = "<group>"; };
		F651F61A165247660056ECB7 /* tab_tests.xml */ = {isa = PBXFileReference; fileEncoding = 4; lastKnownFileType = text.xml; path = tab_tests.xml; sourceTree = "<group>"; };
		F651F61B165247660056ECB7 /* table_tests.xml */ = {isa = PBXFileReference; fileEncoding = 4; lastKnownFileType = text.xml; path = table_tests.xml; sourceTree = "<group>"; };
		F655CF68165A2ACD004410C9 /* searching_tests.xml */ = {isa = PBXFileReference; fileEncoding = 4; lastKnownFileType = text.xml; path = searching_tests.xml; sourceTree = "<group>"; };
		F68389CF165E6F8A005455EC /* updating_views_tests.xml */ = {isa = PBXFileReference; fileEncoding = 4; lastKnownFileType = text.xml; path = updating_views_tests.xml; sourceTree = "<group>"; };
		F68389F3165E7A43005455EC /* KIFTestScenario+WSTToolbarTests.h */ = {isa = PBXFileReference; fileEncoding = 4; lastKnownFileType = sourcecode.c.h; path = "KIFTestScenario+WSTToolbarTests.h"; sourceTree = "<group>"; };
		F68389F4165E7A43005455EC /* KIFTestScenario+WSTToolbarTests.m */ = {isa = PBXFileReference; fileEncoding = 4; lastKnownFileType = sourcecode.c.objc; path = "KIFTestScenario+WSTToolbarTests.m"; sourceTree = "<group>"; };
		F686EAEE165D3C3E00A24DA8 /* KIFTestScenario+WSTStringTests.h */ = {isa = PBXFileReference; fileEncoding = 4; lastKnownFileType = sourcecode.c.h; path = "KIFTestScenario+WSTStringTests.h"; sourceTree = "<group>"; };
		F686EAEF165D3C3E00A24DA8 /* KIFTestScenario+WSTStringTests.m */ = {isa = PBXFileReference; fileEncoding = 4; lastKnownFileType = sourcecode.c.objc; path = "KIFTestScenario+WSTStringTests.m"; sourceTree = "<group>"; };
		F686EAF1165D3FAF00A24DA8 /* Localizable.strings */ = {isa = PBXFileReference; fileEncoding = 4; lastKnownFileType = text.plist.strings; path = Localizable.strings; sourceTree = "<group>"; };
		F686EAF2165D3FAF00A24DA8 /* Test.strings */ = {isa = PBXFileReference; fileEncoding = 4; lastKnownFileType = text.plist.strings; path = Test.strings; sourceTree = "<group>"; };
		F68795CD165A84B200F495A1 /* KIFTestScenario+WSTConditionalActionTests.h */ = {isa = PBXFileReference; fileEncoding = 4; lastKnownFileType = sourcecode.c.h; path = "KIFTestScenario+WSTConditionalActionTests.h"; sourceTree = "<group>"; };
		F68795CE165A84B200F495A1 /* KIFTestScenario+WSTConditionalActionTests.m */ = {isa = PBXFileReference; fileEncoding = 4; lastKnownFileType = sourcecode.c.objc; path = "KIFTestScenario+WSTConditionalActionTests.m"; sourceTree = "<group>"; };
		F6AEB071163FE00900831297 /* KIFTestScenario+WSTXMLParserTests.h */ = {isa = PBXFileReference; fileEncoding = 4; lastKnownFileType = sourcecode.c.h; path = "KIFTestScenario+WSTXMLParserTests.h"; sourceTree = "<group>"; };
		F6AEB072163FE00900831297 /* KIFTestScenario+WSTXMLParserTests.m */ = {isa = PBXFileReference; fileEncoding = 4; lastKnownFileType = sourcecode.c.objc; path = "KIFTestScenario+WSTXMLParserTests.m"; sourceTree = "<group>"; };
		F6AEB074163FE8A700831297 /* KIFTestScenario+WSTDocumentationTests.h */ = {isa = PBXFileReference; fileEncoding = 4; lastKnownFileType = sourcecode.c.h; path = "KIFTestScenario+WSTDocumentationTests.h"; sourceTree = "<group>"; };
		F6AEB075163FE8A700831297 /* KIFTestScenario+WSTDocumentationTests.m */ = {isa = PBXFileReference; fileEncoding = 4; lastKnownFileType = sourcecode.c.objc; path = "KIFTestScenario+WSTDocumentationTests.m"; sourceTree = "<group>"; };
		F6AEB083163FFB6A00831297 /* KIFTestScenario+WSTSchemaStyleTests.h */ = {isa = PBXFileReference; fileEncoding = 4; lastKnownFileType = sourcecode.c.h; path = "KIFTestScenario+WSTSchemaStyleTests.h"; sourceTree = "<group>"; };
		F6AEB084163FFB6A00831297 /* KIFTestScenario+WSTSchemaStyleTests.m */ = {isa = PBXFileReference; fileEncoding = 4; lastKnownFileType = sourcecode.c.objc; path = "KIFTestScenario+WSTSchemaStyleTests.m"; sourceTree = "<group>"; };
		F6D976261647DDBA0080B77B /* KIFTestScenario+WSTParameterProxyTests.h */ = {isa = PBXFileReference; fileEncoding = 4; lastKnownFileType = sourcecode.c.h; path = "KIFTestScenario+WSTParameterProxyTests.h"; sourceTree = "<group>"; };
		F6D976271647DDBA0080B77B /* KIFTestScenario+WSTParameterProxyTests.m */ = {isa = PBXFileReference; fileEncoding = 4; lastKnownFileType = sourcecode.c.objc; path = "KIFTestScenario+WSTParameterProxyTests.m"; sourceTree = "<group>"; };
		F6E7062416411CE100E131BC /* KIFTestScenario+WSTViewSharedPropertyTests.h */ = {isa = PBXFileReference; fileEncoding = 4; lastKnownFileType = sourcecode.c.h; path = "KIFTestScenario+WSTViewSharedPropertyTests.h"; sourceTree = "<group>"; };
		F6E7062516411CE100E131BC /* KIFTestScenario+WSTViewSharedPropertyTests.m */ = {isa = PBXFileReference; fileEncoding = 4; lastKnownFileType = sourcecode.c.objc; path = "KIFTestScenario+WSTViewSharedPropertyTests.m"; sourceTree = "<group>"; };
		F6F3CFCE16627B3B00C7B4AB /* KIFTestScenario+WSTNumberTests.h */ = {isa = PBXFileReference; fileEncoding = 4; lastKnownFileType = sourcecode.c.h; path = "KIFTestScenario+WSTNumberTests.h"; sourceTree = "<group>"; };
		F6F3CFCF16627B3B00C7B4AB /* KIFTestScenario+WSTNumberTests.m */ = {isa = PBXFileReference; fileEncoding = 4; lastKnownFileType = sourcecode.c.objc; path = "KIFTestScenario+WSTNumberTests.m"; sourceTree = "<group>"; };
/* End PBXFileReference section */

/* Begin PBXFrameworksBuildPhase section */
		F62D73CC16353F8400359F70 /* Frameworks */ = {
			isa = PBXFrameworksBuildPhase;
			buildActionMask = 2147483647;
			files = (
				F61749A41653D94B005B9090 /* WorkflowSchema.framework in Frameworks */,
				F62D73D416353F8400359F70 /* UIKit.framework in Frameworks */,
				F62D73D616353F8400359F70 /* Foundation.framework in Frameworks */,
				F62D73D816353F8400359F70 /* CoreGraphics.framework in Frameworks */,
				3B20876101A042B8AC40665C /* libPods.a in Frameworks */,
			);
			runOnlyForDeploymentPostprocessing = 0;
		};
/* End PBXFrameworksBuildPhase section */

/* Begin PBXGroup section */
		F61749831653D90A005B9090 /* Resources */ = {
			isa = PBXGroup;
			children = (
				F617498C1653D90A005B9090 /* uiss.json */,
				F61749841653D90A005B9090 /* button_bg.png */,
				F61749851653D90A005B9090 /* button_bg@2x.png */,
				F61749C91653EB8B005B9090 /* Default-568h@2x.png */,
				F61749CA1653EB8B005B9090 /* Default.png */,
				F61749CB1653EB8B005B9090 /* Default@2x.png */,
				F61749861653D90A005B9090 /* first.png */,
				F61749871653D90A005B9090 /* first@2x.png */,
				F61749CF1653F316005B9090 /* Icon.png */,
				F61749D01653F316005B9090 /* Icon@2x.png */,
				F61749881653D90A005B9090 /* second.png */,
				F61749891653D90A005B9090 /* second@2x.png */,
				F617498A1653D90A005B9090 /* text_field_bg.png */,
				F617498B1653D90A005B9090 /* text_field_bg@2x.png */,
				F686EAF1165D3FAF00A24DA8 /* Localizable.strings */,
				F686EAF2165D3FAF00A24DA8 /* Test.strings */,
			);
			path = Resources;
			sourceTree = SOURCE_ROOT;
		};
		F617499A1653D93D005B9090 /* Products */ = {
			isa = PBXGroup;
			children = (
				F61749A11653D93D005B9090 /* WorkflowSchema.framework */,
			);
			name = Products;
			sourceTree = "<group>";
		};
		F62D73C416353F8400359F70 = {
			isa = PBXGroup;
			children = (
				F651F60D165247650056ECB7 /* Example XML */,
				F62D73D916353F8400359F70 /* Code */,
				F62D73D216353F8400359F70 /* Frameworks */,
				F62D73D016353F8400359F70 /* Products */,
				D22586738C5049B9B091A295 /* Pods.xcconfig */,
			);
			sourceTree = "<group>";
		};
		F62D73D016353F8400359F70 /* Products */ = {
			isa = PBXGroup;
			children = (
				F62D73CF16353F8400359F70 /* WorkflowSchemaTests.app */,
			);
			name = Products;
			sourceTree = "<group>";
		};
		F62D73D216353F8400359F70 /* Frameworks */ = {
			isa = PBXGroup;
			children = (
				F61749991653D93D005B9090 /* WorkflowSchema.xcodeproj */,
				F62D73D316353F8400359F70 /* UIKit.framework */,
				F62D73D516353F8400359F70 /* Foundation.framework */,
				F62D73D716353F8400359F70 /* CoreGraphics.framework */,
				94EF6E20A7EA44FBAC7308B0 /* libPods.a */,
				F6057C3916396112002496F7 /* SenTestingKit.framework */,
			);
			name = Frameworks;
			sourceTree = "<group>";
		};
		F62D73D916353F8400359F70 /* Code */ = {
			isa = PBXGroup;
			children = (
				F61749831653D90A005B9090 /* Resources */,
				F649F6021635413C0002C6EC /* Scenarios */,
				F649F601163540CD0002C6EC /* Steps */,
				F62D73E216353F8400359F70 /* WSTAppDelegate.h */,
				F62D73E316353F8400359F70 /* WSTAppDelegate.m */,
				F649F610163547740002C6EC /* WSTTestController.h */,
				F649F611163547740002C6EC /* WSTTestController.m */,
				F62D73DA16353F8400359F70 /* Supporting Files */,
				F642C0E4163AD63700CFAA80 /* WSTTestAction.h */,
				F642C0E5163AD63700CFAA80 /* WSTTestAction.m */,
				F6223446163E7A4700C90A71 /* WSTTestContext.h */,
				F6223447163E7A4700C90A71 /* WSTTestContext.m */,
			);
			path = Code;
			sourceTree = "<group>";
		};
		F62D73DA16353F8400359F70 /* Supporting Files */ = {
			isa = PBXGroup;
			children = (
				F61749961653D911005B9090 /* InfoPlist.strings */,
				F62D73DF16353F8400359F70 /* main.m */,
				F62234E0163EE35E00C90A71 /* Podfile */,
				F61749C61653EB6A005B9090 /* WorkflowSchemaTests-Info.plist */,
				F61749C71653EB6A005B9090 /* WorkflowSchemaTests-Prefix.pch */,
			);
			name = "Supporting Files";
			sourceTree = "<group>";
		};
		F642C0ED163ADFD500CFAA80 /* Unit tests */ = {
			isa = PBXGroup;
			children = (
				F622344C163E9DA000C90A71 /* KIFTestScenario+WSTActionSheetTests.h */,
				F622344D163E9DA000C90A71 /* KIFTestScenario+WSTActionSheetTests.m */,
				F6223449163E97F500C90A71 /* KIFTestScenario+WSTAlertViewTests.h */,
				F622344A163E97F600C90A71 /* KIFTestScenario+WSTAlertViewTests.m */,
				F642C0FC163AE52A00CFAA80 /* KIFTestScenario+WSTButtonUnitTests.h */,
				F642C0FD163AE52A00CFAA80 /* KIFTestScenario+WSTButtonUnitTests.m */,
				F68795CD165A84B200F495A1 /* KIFTestScenario+WSTConditionalActionTests.h */,
				F68795CE165A84B200F495A1 /* KIFTestScenario+WSTConditionalActionTests.m */,
				F642C0FE163AE52A00CFAA80 /* KIFTestScenario+WSTContainerUnitTests.h */,
				F642C0FF163AE52A00CFAA80 /* KIFTestScenario+WSTContainerUnitTests.m */,
				F6AEB074163FE8A700831297 /* KIFTestScenario+WSTDocumentationTests.h */,
				F6AEB075163FE8A700831297 /* KIFTestScenario+WSTDocumentationTests.m */,
				F6223443163E758A00C90A71 /* KIFTestScenario+WSTFormControllerUnitTests.h */,
				F6223444163E758A00C90A71 /* KIFTestScenario+WSTFormControllerUnitTests.m */,
				F642C100163AE52A00CFAA80 /* KIFTestScenario+WSTImageViewUnitTests.h */,
				F642C101163AE52A00CFAA80 /* KIFTestScenario+WSTImageViewUnitTests.m */,
				F642C102163AE52A00CFAA80 /* KIFTestScenario+WSTLabelUnitTests.h */,
				F642C103163AE52A00CFAA80 /* KIFTestScenario+WSTLabelUnitTests.m */,
				F622344F163EAA7B00C90A71 /* KIFTestScenario+WSTMultipleActionsTests.h */,
				F6223450163EAA7B00C90A71 /* KIFTestScenario+WSTMultipleActionsTests.m */,
				F62234B1163EBF0800C90A71 /* KIFTestScenario+WSTNavigationControllerTests.h */,
				F62234B2163EBF0900C90A71 /* KIFTestScenario+WSTNavigationControllerTests.m */,
				F6F3CFCE16627B3B00C7B4AB /* KIFTestScenario+WSTNumberTests.h */,
				F6F3CFCF16627B3B00C7B4AB /* KIFTestScenario+WSTNumberTests.m */,
				F6D976261647DDBA0080B77B /* KIFTestScenario+WSTParameterProxyTests.h */,
				F6D976271647DDBA0080B77B /* KIFTestScenario+WSTParameterProxyTests.m */,
				F6AEB083163FFB6A00831297 /* KIFTestScenario+WSTSchemaStyleTests.h */,
				F6AEB084163FFB6A00831297 /* KIFTestScenario+WSTSchemaStyleTests.m */,
				F642C0E9163AD8AA00CFAA80 /* KIFTestScenario+WSTScreenControllerUnitTests.h */,
				F642C0EA163AD8AA00CFAA80 /* KIFTestScenario+WSTScreenControllerUnitTests.m */,
				F63AA067165656C100C3C775 /* KIFTestScenario+WSTSearchBarUnitTests.h */,
				F63AA068165656C100C3C775 /* KIFTestScenario+WSTSearchBarUnitTests.m */,
				F6223452163EADBA00C90A71 /* KIFTestScenario+WSTSendMessageActionTests.h */,
				F6223453163EADBB00C90A71 /* KIFTestScenario+WSTSendMessageActionTests.m */,
				F686EAEE165D3C3E00A24DA8 /* KIFTestScenario+WSTStringTests.h */,
				F686EAEF165D3C3E00A24DA8 /* KIFTestScenario+WSTStringTests.m */,
				F62234AE163EBEF800C90A71 /* KIFTestScenario+WSTTabControllerTests.h */,
				F62234AF163EBEF900C90A71 /* KIFTestScenario+WSTTabControllerTests.m */,
				F642C10E163AEB4200CFAA80 /* KIFTestScenario+WSTTableControllerUnitTests.h */,
				F642C10F163AEB4200CFAA80 /* KIFTestScenario+WSTTableControllerUnitTests.m */,
				F642C106163AE52A00CFAA80 /* KIFTestScenario+WSTTextFieldUnitTests.h */,
				F642C107163AE52A00CFAA80 /* KIFTestScenario+WSTTextFieldUnitTests.m */,
				F68389F3165E7A43005455EC /* KIFTestScenario+WSTToolbarTests.h */,
				F68389F4165E7A43005455EC /* KIFTestScenario+WSTToolbarTests.m */,
				F6E7062416411CE100E131BC /* KIFTestScenario+WSTViewSharedPropertyTests.h */,
				F6E7062516411CE100E131BC /* KIFTestScenario+WSTViewSharedPropertyTests.m */,
				F6AEB071163FE00900831297 /* KIFTestScenario+WSTXMLParserTests.h */,
				F6AEB072163FE00900831297 /* KIFTestScenario+WSTXMLParserTests.m */,
			);
			name = "Unit tests";
			sourceTree = "<group>";
		};
		F642C0EE163ADFDC00CFAA80 /* Functional tests */ = {
			isa = PBXGroup;
			children = (
				F649F622163556400002C6EC /* KIFTestScenario+WSTControllerFunctionalTests.h */,
				F649F623163556400002C6EC /* KIFTestScenario+WSTControllerFunctionalTests.m */,
			);
			name = "Functional tests";
			sourceTree = "<group>";
		};
		F649F601163540CD0002C6EC /* Steps */ = {
			isa = PBXGroup;
			children = (
				F649F61F1635554B0002C6EC /* KIFTestStep+WSTShared.h */,
				F649F6201635554B0002C6EC /* KIFTestStep+WSTShared.m */,
			);
			name = Steps;
			sourceTree = "<group>";
		};
		F649F6021635413C0002C6EC /* Scenarios */ = {
			isa = PBXGroup;
			children = (
				F642C0E8163AD84600CFAA80 /* WSTAssert.h */,
				F642C0EE163ADFDC00CFAA80 /* Functional tests */,
				F642C0ED163ADFD500CFAA80 /* Unit tests */,
			);
			name = Scenarios;
			sourceTree = "<group>";
		};
		F651F60D165247650056ECB7 /* Example XML */ = {
			isa = PBXGroup;
			children = (
				F651F60E165247660056ECB7 /* form_tests_1.xml */,
				F651F60F165247660056ECB7 /* form_tests_2.xml */,
				F651F610165247660056ECB7 /* form_tests_3.xml */,
				F651F611165247660056ECB7 /* form_triggers_tests.xml */,
				F651F612165247660056ECB7 /* gesture_recognizer_tests.xml */,
				F651F613165247660056ECB7 /* load_tests_main.xml */,
				F651F614165247660056ECB7 /* load_tests_screen1.xml */,
				F651F615165247660056ECB7 /* load_tests_screen2.xml */,
				F651F616165247660056ECB7 /* navigation_item_tests.xml */,
				F651F617165247660056ECB7 /* navigation_stack_tests.xml */,
				F655CF68165A2ACD004410C9 /* searching_tests.xml */,
				F651F618165247660056ECB7 /* stored_value_tests.xml */,
				F651F619165247660056ECB7 /* style_tests.xml */,
				F651F61A165247660056ECB7 /* tab_tests.xml */,
				F651F61B165247660056ECB7 /* table_tests.xml */,
				F68389CF165E6F8A005455EC /* updating_views_tests.xml */,
			);
			path = "Example XML";
			sourceTree = "<group>";
		};
/* End PBXGroup section */

/* Begin PBXNativeTarget section */
		F62D73CE16353F8400359F70 /* WorkflowSchemaTests */ = {
			isa = PBXNativeTarget;
			buildConfigurationList = F62D73ED16353F8400359F70 /* Build configuration list for PBXNativeTarget "WorkflowSchemaTests" */;
			buildPhases = (
				F62D73CB16353F8400359F70 /* Sources */,
				F62D73CC16353F8400359F70 /* Frameworks */,
				F62D73CD16353F8400359F70 /* Resources */,
				12FEC0B3F1FC420C8277DB58 /* Copy Pods Resources */,
			);
			buildRules = (
			);
			dependencies = (
				F61749A31653D946005B9090 /* PBXTargetDependency */,
			);
			name = WorkflowSchemaTests;
			productName = WorkflowSchemaTests;
			productReference = F62D73CF16353F8400359F70 /* WorkflowSchemaTests.app */;
			productType = "com.apple.product-type.application";
		};
/* End PBXNativeTarget section */

/* Begin PBXProject section */
		F62D73C616353F8400359F70 /* Project object */ = {
			isa = PBXProject;
			attributes = {
				CLASSPREFIX = WST;
				LastUpgradeCheck = 0450;
				ORGANIZATIONNAME = CRedit360;
			};
			buildConfigurationList = F62D73C916353F8400359F70 /* Build configuration list for PBXProject "WorkflowSchemaTests" */;
			compatibilityVersion = "Xcode 3.2";
			developmentRegion = English;
			hasScannedForEncodings = 0;
			knownRegions = (
				en,
			);
			mainGroup = F62D73C416353F8400359F70;
			productRefGroup = F62D73D016353F8400359F70 /* Products */;
			projectDirPath = "";
			projectReferences = (
				{
					ProductGroup = F617499A1653D93D005B9090 /* Products */;
					ProjectRef = F61749991653D93D005B9090 /* WorkflowSchema.xcodeproj */;
				},
			);
			projectRoot = "";
			targets = (
				F62D73CE16353F8400359F70 /* WorkflowSchemaTests */,
			);
		};
/* End PBXProject section */

/* Begin PBXReferenceProxy section */
		F61749A11653D93D005B9090 /* WorkflowSchema.framework */ = {
			isa = PBXReferenceProxy;
			fileType = wrapper.framework.static;
			path = WorkflowSchema.framework;
			remoteRef = F61749A01653D93D005B9090 /* PBXContainerItemProxy */;
			sourceTree = BUILT_PRODUCTS_DIR;
		};
/* End PBXReferenceProxy section */

/* Begin PBXResourcesBuildPhase section */
		F62D73CD16353F8400359F70 /* Resources */ = {
			isa = PBXResourcesBuildPhase;
			buildActionMask = 2147483647;
			files = (
				F651F61C165247660056ECB7 /* form_tests_1.xml in Resources */,
				F651F61D165247660056ECB7 /* form_tests_2.xml in Resources */,
				F651F61E165247660056ECB7 /* form_tests_3.xml in Resources */,
				F651F61F165247660056ECB7 /* form_triggers_tests.xml in Resources */,
				F651F620165247660056ECB7 /* gesture_recognizer_tests.xml in Resources */,
				F651F621165247660056ECB7 /* load_tests_main.xml in Resources */,
				F651F622165247660056ECB7 /* load_tests_screen1.xml in Resources */,
				F651F623165247660056ECB7 /* load_tests_screen2.xml in Resources */,
				F651F624165247660056ECB7 /* navigation_item_tests.xml in Resources */,
				F651F625165247660056ECB7 /* navigation_stack_tests.xml in Resources */,
				F651F626165247660056ECB7 /* stored_value_tests.xml in Resources */,
				F651F627165247660056ECB7 /* style_tests.xml in Resources */,
				F651F628165247660056ECB7 /* tab_tests.xml in Resources */,
				F651F629165247660056ECB7 /* table_tests.xml in Resources */,
				F617498D1653D90A005B9090 /* button_bg.png in Resources */,
				F617498E1653D90A005B9090 /* button_bg@2x.png in Resources */,
				F617498F1653D90A005B9090 /* first.png in Resources */,
				F61749901653D90A005B9090 /* first@2x.png in Resources */,
				F61749911653D90A005B9090 /* second.png in Resources */,
				F61749921653D90A005B9090 /* second@2x.png in Resources */,
				F61749931653D90A005B9090 /* text_field_bg.png in Resources */,
				F61749941653D90A005B9090 /* text_field_bg@2x.png in Resources */,
				F61749951653D90A005B9090 /* uiss.json in Resources */,
				F61749981653D911005B9090 /* InfoPlist.strings in Resources */,
				F61749CC1653EB8B005B9090 /* Default-568h@2x.png in Resources */,
				F61749CD1653EB8B005B9090 /* Default.png in Resources */,
				F61749CE1653EB8B005B9090 /* Default@2x.png in Resources */,
				F61749D11653F316005B9090 /* Icon.png in Resources */,
				F61749D21653F316005B9090 /* Icon@2x.png in Resources */,
				F655CF69165A2ACD004410C9 /* searching_tests.xml in Resources */,
				F686EAF3165D3FAF00A24DA8 /* Localizable.strings in Resources */,
				F686EAF4165D3FAF00A24DA8 /* Test.strings in Resources */,
				F68389D0165E6F8A005455EC /* updating_views_tests.xml in Resources */,
			);
			runOnlyForDeploymentPostprocessing = 0;
		};
/* End PBXResourcesBuildPhase section */

/* Begin PBXShellScriptBuildPhase section */
		12FEC0B3F1FC420C8277DB58 /* Copy Pods Resources */ = {
			isa = PBXShellScriptBuildPhase;
			buildActionMask = 2147483647;
			files = (
			);
			inputPaths = (
			);
			name = "Copy Pods Resources";
			outputPaths = (
			);
			runOnlyForDeploymentPostprocessing = 0;
			shellPath = /bin/sh;
			shellScript = "\"${SRCROOT}/Pods/Pods-resources.sh\"\n";
		};
/* End PBXShellScriptBuildPhase section */

/* Begin PBXSourcesBuildPhase section */
		F62D73CB16353F8400359F70 /* Sources */ = {
			isa = PBXSourcesBuildPhase;
			buildActionMask = 2147483647;
			files = (
				F62D73E016353F8400359F70 /* main.m in Sources */,
				F62D73E416353F8400359F70 /* WSTAppDelegate.m in Sources */,
				F649F612163547740002C6EC /* WSTTestController.m in Sources */,
				F649F6211635554B0002C6EC /* KIFTestStep+WSTShared.m in Sources */,
				F649F624163556400002C6EC /* KIFTestScenario+WSTControllerFunctionalTests.m in Sources */,
				F642C0E6163AD63700CFAA80 /* WSTTestAction.m in Sources */,
				F642C0EB163AD8AA00CFAA80 /* KIFTestScenario+WSTScreenControllerUnitTests.m in Sources */,
				F642C108163AE52A00CFAA80 /* KIFTestScenario+WSTButtonUnitTests.m in Sources */,
				F642C109163AE52A00CFAA80 /* KIFTestScenario+WSTContainerUnitTests.m in Sources */,
				F642C10A163AE52A00CFAA80 /* KIFTestScenario+WSTImageViewUnitTests.m in Sources */,
				F642C10B163AE52A00CFAA80 /* KIFTestScenario+WSTLabelUnitTests.m in Sources */,
				F642C10D163AE52A00CFAA80 /* KIFTestScenario+WSTTextFieldUnitTests.m in Sources */,
				F642C110163AEB4300CFAA80 /* KIFTestScenario+WSTTableControllerUnitTests.m in Sources */,
				F6223445163E758A00C90A71 /* KIFTestScenario+WSTFormControllerUnitTests.m in Sources */,
				F6223448163E7A4700C90A71 /* WSTTestContext.m in Sources */,
				F622344B163E97F600C90A71 /* KIFTestScenario+WSTAlertViewTests.m in Sources */,
				F622344E163E9DA100C90A71 /* KIFTestScenario+WSTActionSheetTests.m in Sources */,
				F6223451163EAA7B00C90A71 /* KIFTestScenario+WSTMultipleActionsTests.m in Sources */,
				F6223454163EADBB00C90A71 /* KIFTestScenario+WSTSendMessageActionTests.m in Sources */,
				F62234B0163EBEF900C90A71 /* KIFTestScenario+WSTTabControllerTests.m in Sources */,
				F62234B3163EBF0900C90A71 /* KIFTestScenario+WSTNavigationControllerTests.m in Sources */,
				F6AEB073163FE00900831297 /* KIFTestScenario+WSTXMLParserTests.m in Sources */,
				F6AEB076163FE8A700831297 /* KIFTestScenario+WSTDocumentationTests.m in Sources */,
				F6AEB085163FFB6B00831297 /* KIFTestScenario+WSTSchemaStyleTests.m in Sources */,
				F6E7062616411CE100E131BC /* KIFTestScenario+WSTViewSharedPropertyTests.m in Sources */,
				F6D976281647DDBA0080B77B /* KIFTestScenario+WSTParameterProxyTests.m in Sources */,
				F63AA069165656C100C3C775 /* KIFTestScenario+WSTSearchBarUnitTests.m in Sources */,
				F68795CF165A84B200F495A1 /* KIFTestScenario+WSTConditionalActionTests.m in Sources */,
				F686EAF0165D3C3E00A24DA8 /* KIFTestScenario+WSTStringTests.m in Sources */,
				F68389F5165E7A43005455EC /* KIFTestScenario+WSTToolbarTests.m in Sources */,
				F6F3CFD016627B3B00C7B4AB /* KIFTestScenario+WSTNumberTests.m in Sources */,
			);
			runOnlyForDeploymentPostprocessing = 0;
		};
/* End PBXSourcesBuildPhase section */

/* Begin PBXTargetDependency section */
		F61749A31653D946005B9090 /* PBXTargetDependency */ = {
			isa = PBXTargetDependency;
			name = WorkflowSchema;
			targetProxy = F61749A21653D946005B9090 /* PBXContainerItemProxy */;
		};
/* End PBXTargetDependency section */

/* Begin PBXVariantGroup section */
		F61749961653D911005B9090 /* InfoPlist.strings */ = {
			isa = PBXVariantGroup;
			children = (
				F61749971653D911005B9090 /* en */,
			);
			name = InfoPlist.strings;
			sourceTree = "<group>";
		};
/* End PBXVariantGroup section */

/* Begin XCBuildConfiguration section */
		F62D73EB16353F8400359F70 /* Debug */ = {
			isa = XCBuildConfiguration;
			buildSettings = {
				ALWAYS_SEARCH_USER_PATHS = NO;
				CLANG_CXX_LANGUAGE_STANDARD = "gnu++0x";
				CLANG_CXX_LIBRARY = "libc++";
				CLANG_ENABLE_OBJC_ARC = YES;
				CLANG_WARN_EMPTY_BODY = YES;
				CLANG_WARN__DUPLICATE_METHOD_MATCH = YES;
				"CODE_SIGN_IDENTITY[sdk=iphoneos*]" = "iPhone Developer";
				COPY_PHASE_STRIP = NO;
				GCC_C_LANGUAGE_STANDARD = gnu99;
				GCC_DYNAMIC_NO_PIC = NO;
				GCC_OPTIMIZATION_LEVEL = 0;
				GCC_PREPROCESSOR_DEFINITIONS = (
					"DEBUG=1",
					"$(inherited)",
				);
				GCC_SYMBOLS_PRIVATE_EXTERN = NO;
				GCC_WARN_ABOUT_RETURN_TYPE = YES;
				GCC_WARN_UNINITIALIZED_AUTOS = YES;
				GCC_WARN_UNUSED_VARIABLE = YES;
				IPHONEOS_DEPLOYMENT_TARGET = 6.0;
				ONLY_ACTIVE_ARCH = YES;
				RUN_CLANG_STATIC_ANALYZER = YES;
				SDKROOT = iphoneos;
				TARGETED_DEVICE_FAMILY = "1,2";
			};
			name = Debug;
		};
		F62D73EC16353F8400359F70 /* Release */ = {
			isa = XCBuildConfiguration;
			buildSettings = {
				ALWAYS_SEARCH_USER_PATHS = NO;
				CLANG_CXX_LANGUAGE_STANDARD = "gnu++0x";
				CLANG_CXX_LIBRARY = "libc++";
				CLANG_ENABLE_OBJC_ARC = YES;
				CLANG_WARN_EMPTY_BODY = YES;
				CLANG_WARN__DUPLICATE_METHOD_MATCH = YES;
				"CODE_SIGN_IDENTITY[sdk=iphoneos*]" = "iPhone Developer";
				COPY_PHASE_STRIP = YES;
				GCC_C_LANGUAGE_STANDARD = gnu99;
				GCC_WARN_ABOUT_RETURN_TYPE = YES;
				GCC_WARN_UNINITIALIZED_AUTOS = YES;
				GCC_WARN_UNUSED_VARIABLE = YES;
				IPHONEOS_DEPLOYMENT_TARGET = 6.0;
				OTHER_CFLAGS = "-DNS_BLOCK_ASSERTIONS=1";
				RUN_CLANG_STATIC_ANALYZER = YES;
				SDKROOT = iphoneos;
				TARGETED_DEVICE_FAMILY = "1,2";
				VALIDATE_PRODUCT = YES;
			};
			name = Release;
		};
		F62D73EE16353F8400359F70 /* Debug */ = {
			isa = XCBuildConfiguration;
			baseConfigurationReference = D22586738C5049B9B091A295 /* Pods.xcconfig */;
			buildSettings = {
				GCC_PRECOMPILE_PREFIX_HEADER = YES;
				GCC_PREFIX_HEADER = "WorkflowSchemaTests-Prefix.pch";
				INFOPLIST_FILE = "WorkflowSchemaTests-Info.plist";
				IPHONEOS_DEPLOYMENT_TARGET = 5.0;
				PRODUCT_NAME = "$(TARGET_NAME)";
				WRAPPER_EXTENSION = app;
			};
			name = Debug;
		};
		F62D73EF16353F8400359F70 /* Release */ = {
			isa = XCBuildConfiguration;
			baseConfigurationReference = D22586738C5049B9B091A295 /* Pods.xcconfig */;
			buildSettings = {
				GCC_PRECOMPILE_PREFIX_HEADER = YES;
				GCC_PREFIX_HEADER = "WorkflowSchemaTests-Prefix.pch";
				INFOPLIST_FILE = "WorkflowSchemaTests-Info.list";
				IPHONEOS_DEPLOYMENT_TARGET = 5.0;
				PRODUCT_NAME = "$(TARGET_NAME)";
				WRAPPER_EXTENSION = app;
			};
			name = Release;
		};
/* End XCBuildConfiguration section */

/* Begin XCConfigurationList section */
		F62D73C916353F8400359F70 /* Build configuration list for PBXProject "WorkflowSchemaTests" */ = {
			isa = XCConfigurationList;
			buildConfigurations = (
				F62D73EB16353F8400359F70 /* Debug */,
				F62D73EC16353F8400359F70 /* Release */,
			);
			defaultConfigurationIsVisible = 0;
			defaultConfigurationName = Release;
		};
		F62D73ED16353F8400359F70 /* Build configuration list for PBXNativeTarget "WorkflowSchemaTests" */ = {
			isa = XCConfigurationList;
			buildConfigurations = (
				F62D73EE16353F8400359F70 /* Debug */,
				F62D73EF16353F8400359F70 /* Release */,
			);
			defaultConfigurationIsVisible = 0;
			defaultConfigurationName = Release;
		};
/* End XCConfigurationList section */
	};
	rootObject = F62D73C616353F8400359F70 /* Project object */;
}
